
Microsoft Visual Studio Solution File, Format Version 12.00
# Visual Studio Version 17
VisualStudioVersion = 17.7.34009.444
MinimumVisualStudioVersion = 10.0.40219.1
Project("{9A19103F-16F7-4668-BE54-9A1E7A4F7556}") = "rinha-de-backend-2023-q3-csharp", "src\rinha-de-backend-2023-q3-csharp.csproj", "{E0220097-62DC-4DDA-BDF2-7F3CB96FD73F}"
EndProject
Project("{FAE04EC0-301F-11D3-BF4B-00C04F79EFBC}") = "Benchmarks", "Benchmarks\Benchmarks.csproj", "{42A6E0CA-F323-4F60-8ED8-C14C7B659237}"
EndProject
Global
	GlobalSection(SolutionConfigurationPlatforms) = preSolution
		Debug|Any CPU = Debug|Any CPU
		Release|Any CPU = Release|Any CPU
	EndGlobalSection
	GlobalSection(ProjectConfigurationPlatforms) = postSolution
		{E0220097-62DC-4DDA-BDF2-7F3CB96FD73F}.Debug|Any CPU.ActiveCfg = Debug|Any CPU
		{E0220097-62DC-4DDA-BDF2-7F3CB96FD73F}.Debug|Any CPU.Build.0 = Debug|Any CPU
		{E0220097-62DC-4DDA-BDF2-7F3CB96FD73F}.Release|Any CPU.ActiveCfg = Release|Any CPU
		{E0220097-62DC-4DDA-BDF2-7F3CB96FD73F}.Release|Any CPU.Build.0 = Release|Any CPU
		{42A6E0CA-F323-4F60-8ED8-C14C7B659237}.Debug|Any CPU.ActiveCfg = Debug|Any CPU
		{42A6E0CA-F323-4F60-8ED8-C14C7B659237}.Debug|Any CPU.Build.0 = Debug|Any CPU
		{42A6E0CA-F323-4F60-8ED8-C14C7B659237}.Release|Any CPU.ActiveCfg = Release|Any CPU
		{42A6E0CA-F323-4F60-8ED8-C14C7B659237}.Release|Any CPU.Build.0 = Release|Any CPU
	EndGlobalSection
	GlobalSection(SolutionProperties) = preSolution
		HideSolutionNode = FALSE
	EndGlobalSection
	GlobalSection(ExtensibilityGlobals) = postSolution
		SolutionGuid = {78685649-60F5-479E-9931-DDF4C732A53B}
	EndGlobalSection
EndGlobal
